# This file is automatically @generated by Poetry 1.5.1 and should not be changed by hand.

[[package]]
name = "audioread"
version = "3.0.1"
description = "Multi-library, cross-platform audio decoding."
optional = false
python-versions = ">=3.6"
files = [
    {file = "audioread-3.0.1-py3-none-any.whl", hash = "sha256:81624399880d3f51f7ba6859631dfc26171bcd980b83a8cba5e8f5d09a44daae"},
]

[package.extras]
test = ["tox"]

[package.source]
type = "legacy"
url = "https://piwheels.org/simple"
reference = "piwheels"

[[package]]
name = "black"
version = "22.12.0"
description = "The uncompromising code formatter."
optional = false
python-versions = ">=3.7"
files = [
    {file = "black-22.12.0-cp310-cp310-manylinux_2_17_x86_64.manylinux2014_x86_64.whl", hash = "sha256:9eedd20838bd5d75b80c9f5487dbcb06836a43833a37846cf1d8c1cc01cef59d"},
    {file = "black-22.12.0-cp310-cp310-win_amd64.whl", hash = "sha256:159a46a4947f73387b4d83e87ea006dbb2337eab6c879620a3ba52699b1f4351"},
    {file = "black-22.12.0-cp311-cp311-manylinux_2_17_x86_64.manylinux2014_x86_64.whl", hash = "sha256:d30b212bffeb1e252b31dd269dfae69dd17e06d92b87ad26e23890f3efea366f"},
    {file = "black-22.12.0-cp311-cp311-win_amd64.whl", hash = "sha256:7412e75863aa5c5411886804678b7d083c7c28421210180d67dfd8cf1221e1f4"},
    {file = "black-22.12.0-cp37-cp37m-manylinux_2_17_x86_64.manylinux2014_x86_64.whl", hash = "sha256:c116eed0efb9ff870ded8b62fe9f28dd61ef6e9ddd28d83d7d264a38417dcee2"},
    {file = "black-22.12.0-cp37-cp37m-win_amd64.whl", hash = "sha256:1f58cbe16dfe8c12b7434e50ff889fa479072096d79f0a7f25e4ab8e94cd8350"},
    {file = "black-22.12.0-cp38-cp38-manylinux_2_17_x86_64.manylinux2014_x86_64.whl", hash = "sha256:77d86c9f3db9b1bf6761244bc0b3572a546f5fe37917a044e02f3166d5aafa7d"},
    {file = "black-22.12.0-cp38-cp38-win_amd64.whl", hash = "sha256:82d9fe8fee3401e02e79767016b4907820a7dc28d70d137eb397b92ef3cc5bfc"},
    {file = "black-22.12.0-cp39-cp39-manylinux_2_17_x86_64.manylinux2014_x86_64.whl", hash = "sha256:101c69b23df9b44247bd88e1d7e90154336ac4992502d4197bdac35dd7ee3320"},
    {file = "black-22.12.0-cp39-cp39-win_amd64.whl", hash = "sha256:559c7a1ba9a006226f09e4916060982fd27334ae1998e7a38b3f33a37f7a2148"},
    {file = "black-22.12.0-py3-none-any.whl", hash = "sha256:436cc9167dd28040ad90d3b404aec22cedf24a6e4d7de221bec2730ec0c97bcf"},
    {file = "black-22.12.0.tar.gz", hash = "sha256:229351e5a18ca30f447bf724d007f890f97e13af070bb6ad4c0a441cd7596a2f"},
]

[package.dependencies]
click = ">=8.0.0"
mypy-extensions = ">=0.4.3"
pathspec = ">=0.9.0"
platformdirs = ">=2"
tomli = {version = ">=1.1.0", markers = "python_full_version < \"3.11.0a7\""}
typed-ast = {version = ">=1.4.2", markers = "python_version < \"3.8\" and implementation_name == \"cpython\""}
typing-extensions = {version = ">=3.10.0.0", markers = "python_version < \"3.10\""}

[package.extras]
colorama = ["colorama (>=0.4.3)"]
d = ["aiohttp (>=3.7.4)"]
jupyter = ["ipython (>=7.8.0)", "tokenize-rt (>=3.2.0)"]
uvloop = ["uvloop (>=0.15.2)"]

[[package]]
name = "certifi"
version = "2023.7.22"
description = "Python package for providing Mozilla's CA Bundle."
optional = false
python-versions = ">=3.6"
files = [
    {file = "certifi-2023.7.22-py3-none-any.whl", hash = "sha256:4e4d84b05d4572339352afe85f0490367f5b8572b7f8d3f2373dffd642210f2d"},
]

[package.source]
type = "legacy"
url = "https://piwheels.org/simple"
reference = "piwheels"

[[package]]
name = "cffi"
version = "1.15.1"
description = "Foreign Function Interface for Python calling C code."
optional = false
python-versions = "*"
files = [
    {file = "cffi-1.15.1-cp311-cp311-linux_armv6l.whl", hash = "sha256:48be1527eaba2138a9dd194c9216ab2161f3aa05489125f22896e08cd1a2ee27"},
    {file = "cffi-1.15.1-cp311-cp311-linux_armv7l.whl", hash = "sha256:48be1527eaba2138a9dd194c9216ab2161f3aa05489125f22896e08cd1a2ee27"},
    {file = "cffi-1.15.1-cp35-cp35m-linux_armv6l.whl", hash = "sha256:6121721a6976cbf2fc4d2807fded73d92917c911bbc8ba2c7310321d7b760230"},
    {file = "cffi-1.15.1-cp35-cp35m-linux_armv7l.whl", hash = "sha256:6121721a6976cbf2fc4d2807fded73d92917c911bbc8ba2c7310321d7b760230"},
    {file = "cffi-1.15.1-cp37-cp37m-linux_armv6l.whl", hash = "sha256:bf9242179d15bac1bf6d9b03d83d058019b3f6bca8c08ad699de315e5fbfa6d3"},
    {file = "cffi-1.15.1-cp37-cp37m-linux_armv7l.whl", hash = "sha256:bf9242179d15bac1bf6d9b03d83d058019b3f6bca8c08ad699de315e5fbfa6d3"},
    {file = "cffi-1.15.1-cp39-cp39-linux_armv6l.whl", hash = "sha256:a1e3a74910df7f5e703e5b0009d411171b808e45f4826fac0568fdab1a154185"},
    {file = "cffi-1.15.1-cp39-cp39-linux_armv7l.whl", hash = "sha256:a1e3a74910df7f5e703e5b0009d411171b808e45f4826fac0568fdab1a154185"},
]

[package.dependencies]
pycparser = "*"

[package.source]
type = "legacy"
url = "https://piwheels.org/simple"
reference = "piwheels"

[[package]]
name = "charset-normalizer"
version = "3.3.1"
description = "The Real First Universal Charset Detector. Open, modern and actively maintained alternative to Chardet."
optional = false
python-versions = ">=3.7.0"
files = [
    {file = "charset_normalizer-3.3.1-py3-none-any.whl", hash = "sha256:697524c670541ac944ea69c67ee0f7b4800c12670b9507ab57c8b58bebd71823"},
]

[package.source]
type = "legacy"
url = "https://piwheels.org/simple"
reference = "piwheels"

[[package]]
name = "click"
version = "8.1.7"
description = "Composable command line interface toolkit"
optional = false
python-versions = ">=3.7"
files = [
    {file = "click-8.1.7-py3-none-any.whl", hash = "sha256:8e38806544348fdafedd47e92e90aca882377a0680918dec4c80c225a0e5ed13"},
]

[package.dependencies]
colorama = {version = "*", markers = "platform_system == \"Windows\""}
importlib-metadata = {version = "*", markers = "python_version < \"3.8\""}

[package.source]
type = "legacy"
url = "https://piwheels.org/simple"
reference = "piwheels"

[[package]]
name = "colorama"
version = "0.4.6"
description = "Cross-platform colored terminal text."
optional = false
python-versions = "!=3.0.*,!=3.1.*,!=3.2.*,!=3.3.*,!=3.4.*,!=3.5.*,!=3.6.*,>=2.7"
files = [
    {file = "colorama-0.4.6-py2.py3-none-any.whl", hash = "sha256:4f1d9991f5acc0ca119f9d443620b77f9d6b33703e51011c16baf57afb285fc6"},
]

[package.source]
type = "legacy"
url = "https://piwheels.org/simple"
reference = "piwheels"

[[package]]
name = "decorator"
version = "5.1.1"
description = "Decorators for Humans"
optional = false
python-versions = ">=3.5"
files = [
    {file = "decorator-5.1.1-py3-none-any.whl", hash = "sha256:6f519e77644a392d3054e528ba8db527df4246be581d4d43b14f0aacace79cbd"},
]

[package.source]
type = "legacy"
url = "https://piwheels.org/simple"
reference = "piwheels"

[[package]]
name = "idna"
version = "3.4"
description = "Internationalized Domain Names in Applications (IDNA)"
optional = false
python-versions = ">=3.5"
files = [
    {file = "idna-3.4-py3-none-any.whl", hash = "sha256:bcac1132a4eadea8321490704e2349b752e29c6ec2f1c27d372010e76ebd3fa1"},
]

[package.source]
type = "legacy"
url = "https://piwheels.org/simple"
reference = "piwheels"

[[package]]
name = "importlib-metadata"
version = "6.7.0"
description = "Read metadata from Python packages"
optional = false
python-versions = ">=3.7"
files = [
    {file = "importlib_metadata-6.7.0-py3-none-any.whl", hash = "sha256:ab5a37fa2832c32352ce5821c5a76a76fc5f5648890b5ecb52ca005f1c773593"},
]

[package.dependencies]
typing-extensions = {version = ">=3.6.4", markers = "python_version < \"3.8\""}
zipp = ">=0.5"

[package.extras]
docs = ["furo", "jaraco.packaging (>=9)", "jaraco.tidelift (>=1.4)", "rst.linker (>=1.9)", "sphinx (>=3.5)", "sphinx-lint"]
perf = ["ipython"]
testing = ["flufl.flake8", "importlib-resources (>=1.3)", "packaging", "pyfakefs", "pytest (>=6)", "pytest-black (>=0.3.7)", "pytest-checkdocs (>=2.4)", "pytest-cov", "pytest-enabler (>=1.3)", "pytest-mypy (>=0.9.1)", "pytest-perf (>=0.9.2)", "pytest-ruff"]

[package.source]
type = "legacy"
url = "https://piwheels.org/simple"
reference = "piwheels"

[[package]]
name = "joblib"
version = "1.3.2"
description = "Lightweight pipelining with Python functions"
optional = false
python-versions = ">=3.7"
files = [
    {file = "joblib-1.3.2-py3-none-any.whl", hash = "sha256:69a60844707a0aae6024a161238c4250eecef64bc7cf1ea3330fe6681e5eb6d7"},
]

[package.source]
type = "legacy"
url = "https://piwheels.org/simple"
reference = "piwheels"

[[package]]
name = "librosa"
version = "0.8.1"
description = "Python module for audio and music processing"
optional = false
python-versions = ">=3.6"
files = [
    {file = "librosa-0.8.1-py3-none-any.whl", hash = "sha256:fd381e2d7067d4d4cf7691f2ef3620ef62a8aa6445dcf407e3328254692f742a"},
]

[package.dependencies]
audioread = ">=2.0.0"
decorator = ">=3.0.0"
joblib = ">=0.14"
numba = ">=0.43.0"
numpy = ">=1.15.0"
packaging = ">=20.0"
pooch = ">=1.0"
resampy = ">=0.2.2"
scikit-learn = ">=0.14.0,<0.19.0 || >0.19.0"
scipy = ">=1.0.0"
soundfile = ">=0.10.2"

[package.extras]
display = ["matplotlib (>=1.5)"]
docs = ["matplotlib (>=2.0.0,<3.3)", "numba (<0.50)", "numpydoc", "presets", "sphinx (!=1.3.1)", "sphinx-gallery (>=0.7)", "sphinx-multiversion (>=0.2.3)", "sphinx-rtd-theme (==0.5.*)", "spinxcontrib-svg2pdfconverter"]
tests = ["contextlib2", "matplotlib (>=3.0)", "pytest", "pytest-cov", "pytest-mpl", "samplerate", "soxr"]

[package.source]
type = "legacy"
url = "https://piwheels.org/simple"
reference = "piwheels"

[[package]]
name = "llvmlite"
version = "0.37.0"
description = "lightweight wrapper around basic LLVM functionality"
optional = false
python-versions = ">=3.7,<3.10"
files = [
    {file = "llvmlite-0.37.0-cp37-cp37m-linux_armv7l.whl", hash = "sha256:94a666d394e0bff8421d46501f871ade534b60290505eb3d29caeb5c08139588"},
]

[package.source]
type = "file"
url = "llvmlite-0.37.0-cp37-cp37m-linux_armv7l.whl"

[[package]]
name = "logzero"
version = "1.7.0"
description = "Robust and effective logging for Python 2 and 3"
optional = false
python-versions = "*"
files = [
    {file = "logzero-1.7.0-py2.py3-none-any.whl", hash = "sha256:23eb1f717a2736f9ab91ca0d43160fd2c996ad49ae6bad34652d47aba908769d"},
]

[package.dependencies]
colorama = {version = "*", markers = "sys_platform == \"win32\""}

[package.source]
type = "legacy"
url = "https://piwheels.org/simple"
reference = "piwheels"

[[package]]
name = "mypy-extensions"
version = "1.0.0"
description = "Type system extensions for programs checked with the mypy type checker."
optional = false
python-versions = ">=3.5"
files = [
    {file = "mypy_extensions-1.0.0-py3-none-any.whl", hash = "sha256:7b58bcc6d3a548c146400c2e5de934bdbf2658503f897adee40f210e19b1f0ac"},
]

[package.source]
type = "legacy"
url = "https://piwheels.org/simple"
reference = "piwheels"

[[package]]
name = "numba"
version = "0.54.1"
description = "compiling Python code using LLVM"
optional = false
python-versions = ">=3.7,<3.10"
files = [
    {file = "numba-0.54.1-cp37-cp37m-linux_armv6l.whl", hash = "sha256:4f0a7ac70fd36c92cfb6c443eda77127f726d8f4a3c1de0c827ba98cf4610f30"},
    {file = "numba-0.54.1-cp37-cp37m-linux_armv7l.whl", hash = "sha256:4f0a7ac70fd36c92cfb6c443eda77127f726d8f4a3c1de0c827ba98cf4610f30"},
    {file = "numba-0.54.1-cp39-cp39-linux_armv6l.whl", hash = "sha256:df0ffae0171ad746ad836000c4e5bca5fc3365dca19e0fed855b0a4ce00ab924"},
    {file = "numba-0.54.1-cp39-cp39-linux_armv7l.whl", hash = "sha256:df0ffae0171ad746ad836000c4e5bca5fc3365dca19e0fed855b0a4ce00ab924"},
]

[package.dependencies]
llvmlite = ">=0.37.0rc1,<0.38"
numpy = ">=1.17,<1.21"
setuptools = "*"

[package.source]
type = "legacy"
url = "https://piwheels.org/simple"
reference = "piwheels"

[[package]]
name = "numpy"
version = "1.20.3"
description = "NumPy is the fundamental package for array computing with Python."
optional = false
python-versions = ">=3.7"
files = [
    {file = "numpy-1.20.3-cp37-cp37m-linux_armv6l.whl", hash = "sha256:d840d80623c96696fab0d15489f49425bec1c0f47f3bf0b3362ce0c75dbad993"},
    {file = "numpy-1.20.3-cp37-cp37m-linux_armv7l.whl", hash = "sha256:d840d80623c96696fab0d15489f49425bec1c0f47f3bf0b3362ce0c75dbad993"},
    {file = "numpy-1.20.3-cp39-cp39-linux_armv6l.whl", hash = "sha256:4c020adbaa398721cd5e30c5aab52b505efcd35c3b0156e800245c1274c96962"},
    {file = "numpy-1.20.3-cp39-cp39-linux_armv7l.whl", hash = "sha256:4c020adbaa398721cd5e30c5aab52b505efcd35c3b0156e800245c1274c96962"},
]

[package.source]
type = "legacy"
url = "https://piwheels.org/simple"
reference = "piwheels"

[[package]]
name = "packaging"
version = "23.2"
description = "Core utilities for Python packages"
optional = false
python-versions = ">=3.7"
files = [
    {file = "packaging-23.2-py3-none-any.whl", hash = "sha256:f6a99fc6f2edcd10c7194f27328f1dd5e1a04d24720927bcf0879d6166868a62"},
]

[package.source]
type = "legacy"
url = "https://piwheels.org/simple"
reference = "piwheels"

[[package]]
name = "pathspec"
version = "0.11.2"
description = "Utility library for gitignore style pattern matching of file paths."
optional = false
python-versions = ">=3.7"
files = [
    {file = "pathspec-0.11.2-py3-none-any.whl", hash = "sha256:f84591e8abba2bf8747cdaa4d864bc0584d4fc2d45b55a65f3318d417b1281c5"},
]

[package.source]
type = "legacy"
url = "https://piwheels.org/simple"
reference = "piwheels"

[[package]]
name = "platformdirs"
version = "3.11.0"
description = "A small Python package for determining appropriate platform-specific dirs, e.g. a \"user data dir\"."
optional = false
python-versions = ">=3.7"
files = [
    {file = "platformdirs-3.11.0-py3-none-any.whl", hash = "sha256:e9d171d00af68be50e9202731309c4e658fd8bc76f55c11c7dd760d023bda68e"},
]

[package.dependencies]
typing-extensions = {version = ">=4.7.1", markers = "python_version < \"3.8\""}

[package.extras]
docs = ["furo (>=2023.7.26)", "proselint (>=0.13)", "sphinx (>=7.1.1)", "sphinx-autodoc-typehints (>=1.24)"]
test = ["appdirs (==1.4.4)", "covdefaults (>=2.3)", "pytest (>=7.4)", "pytest-cov (>=4.1)", "pytest-mock (>=3.11.1)"]

[package.source]
type = "legacy"
url = "https://piwheels.org/simple"
reference = "piwheels"

[[package]]
name = "pooch"
version = "1.8.0"
description = "\"Pooch manages your Python library's sample data files: it automatically downloads and stores them in a local directory, with support for versioning and corruption checks.\""
optional = false
python-versions = ">=3.7"
files = [
    {file = "pooch-1.8.0-py3-none-any.whl", hash = "sha256:4fde4231f1cfd8390ff97cb50add3a94d9d25260d8903ecea7eef91c406fcef0"},
]

[package.dependencies]
packaging = ">=20.0"
platformdirs = ">=2.5.0"
requests = ">=2.19.0"

[package.extras]
progress = ["tqdm (>=4.41.0,<5.0.0)"]
sftp = ["paramiko (>=2.7.0)"]
xxhash = ["xxhash (>=1.4.3)"]

[package.source]
type = "legacy"
url = "https://piwheels.org/simple"
reference = "piwheels"

[[package]]
name = "pyalsaaudio"
version = "0.9.2"
description = "ALSA bindings"
optional = false
python-versions = "*"
files = [
    {file = "pyalsaaudio-0.9.2-cp311-cp311-linux_armv6l.whl", hash = "sha256:ebe4fac4caa918ed99fb5f7e4fdfb798e88370c81e8c86b26d99d512e8b150f3"},
    {file = "pyalsaaudio-0.9.2-cp311-cp311-linux_armv7l.whl", hash = "sha256:ebe4fac4caa918ed99fb5f7e4fdfb798e88370c81e8c86b26d99d512e8b150f3"},
    {file = "pyalsaaudio-0.9.2-cp35-cp35m-linux_armv6l.whl", hash = "sha256:88f421a5687c442b3c30f6a0e40cbacb36f394e470f8b2dc4b9f5f608e02e3b7"},
    {file = "pyalsaaudio-0.9.2-cp35-cp35m-linux_armv7l.whl", hash = "sha256:88f421a5687c442b3c30f6a0e40cbacb36f394e470f8b2dc4b9f5f608e02e3b7"},
    {file = "pyalsaaudio-0.9.2-cp37-cp37m-linux_armv6l.whl", hash = "sha256:f853d3a8f308ec119d5a7153cbd3980233ff5205275fb69b5c3874e0e8f34bf7"},
    {file = "pyalsaaudio-0.9.2-cp37-cp37m-linux_armv7l.whl", hash = "sha256:f853d3a8f308ec119d5a7153cbd3980233ff5205275fb69b5c3874e0e8f34bf7"},
    {file = "pyalsaaudio-0.9.2-cp39-cp39-linux_armv6l.whl", hash = "sha256:58a39d04c0ebbd88ada87cb4a7252cb688aefcb5e80a1fb0aa453511f7eae1c0"},
    {file = "pyalsaaudio-0.9.2-cp39-cp39-linux_armv7l.whl", hash = "sha256:58a39d04c0ebbd88ada87cb4a7252cb688aefcb5e80a1fb0aa453511f7eae1c0"},
]

[package.source]
type = "legacy"
url = "https://piwheels.org/simple"
reference = "piwheels"

[[package]]
name = "pycparser"
version = "2.21"
description = "C parser in Python"
optional = false
python-versions = ">=2.7, !=3.0.*, !=3.1.*, !=3.2.*, !=3.3.*"
files = [
    {file = "pycparser-2.21-py2.py3-none-any.whl", hash = "sha256:ab326306c89cc646bc81ba2337c513f967faf2b3457985e1c63180adf1ada044"},
]

[package.source]
type = "legacy"
url = "https://piwheels.org/simple"
reference = "piwheels"

[[package]]
name = "requests"
version = "2.31.0"
description = "Python HTTP for Humans."
optional = false
python-versions = ">=3.7"
files = [
    {file = "requests-2.31.0-py3-none-any.whl", hash = "sha256:471e7795897eff62a8e31f26f241e3e67ee80d1bd0f64236538a3dda8d3f1acc"},
]

[package.dependencies]
certifi = ">=2017.4.17"
charset-normalizer = ">=2,<4"
idna = ">=2.5,<4"
urllib3 = ">=1.21.1,<3"

[package.extras]
socks = ["PySocks (>=1.5.6,!=1.5.7)"]
use-chardet-on-py3 = ["chardet (>=3.0.2,<6)"]

[package.source]
type = "legacy"
url = "https://piwheels.org/simple"
reference = "piwheels"

[[package]]
name = "resampy"
version = "0.4.2"
description = "Efficient signal resampling"
optional = false
python-versions = "*"
files = [
    {file = "resampy-0.4.2-py3-none-any.whl", hash = "sha256:d2d3ea2bc96e6a497f2e08651bfe19c663e59d268985e0ac3340ffc39138a5d8"},
]

[package.dependencies]
numba = ">=0.53"
numpy = ">=1.17"

[package.extras]
design = ["optuna (>=2.10.0)"]
docs = ["numpydoc", "sphinx (!=1.3.1)"]
tests = ["pytest (<8)", "pytest-cov", "scipy (>=1.0)"]

[package.source]
type = "legacy"
url = "https://piwheels.org/simple"
reference = "piwheels"

[[package]]
name = "rpi-ws281x"
version = "4.3.4"
description = "Userspace Raspberry Pi PWM/PCM/SPI library for SK6812 and WS281X LEDs."
optional = false
python-versions = "*"
files = [
    {file = "rpi_ws281x-4.3.4-cp311-cp311-linux_armv6l.whl", hash = "sha256:92546a34b990d342d14dd0c0bc2adcbe6594c5beb65aa1a86560cc24c7ada4a5"},
    {file = "rpi_ws281x-4.3.4-cp311-cp311-linux_armv7l.whl", hash = "sha256:92546a34b990d342d14dd0c0bc2adcbe6594c5beb65aa1a86560cc24c7ada4a5"},
    {file = "rpi_ws281x-4.3.4-cp35-cp35m-linux_armv6l.whl", hash = "sha256:439c518548554bddc40323f11509d34ae6cdc5f21516c6d5f770c48d1d5683ec"},
    {file = "rpi_ws281x-4.3.4-cp35-cp35m-linux_armv7l.whl", hash = "sha256:439c518548554bddc40323f11509d34ae6cdc5f21516c6d5f770c48d1d5683ec"},
    {file = "rpi_ws281x-4.3.4-cp37-cp37m-linux_armv6l.whl", hash = "sha256:bf71750f5aaf253bdda7ca4d3ed71208827806668801c419f40d4c08a3afd283"},
    {file = "rpi_ws281x-4.3.4-cp37-cp37m-linux_armv7l.whl", hash = "sha256:bf71750f5aaf253bdda7ca4d3ed71208827806668801c419f40d4c08a3afd283"},
    {file = "rpi_ws281x-4.3.4-cp39-cp39-linux_armv6l.whl", hash = "sha256:bdabb32c1d2112d826547a57702a6fc81209dad98d00ef52378f5d7f8820bbfb"},
    {file = "rpi_ws281x-4.3.4-cp39-cp39-linux_armv7l.whl", hash = "sha256:bdabb32c1d2112d826547a57702a6fc81209dad98d00ef52378f5d7f8820bbfb"},
]

[package.source]
type = "legacy"
url = "https://piwheels.org/simple"
reference = "piwheels"

[[package]]
name = "scikit-learn"
version = "1.0.2"
description = "A set of python modules for machine learning and data mining"
optional = false
python-versions = ">=3.7"
files = [
    {file = "scikit_learn-1.0.2-cp37-cp37m-linux_armv6l.whl", hash = "sha256:40933c9de93a98c046a2d8d4207ac65c9bc0ab354e7e637ab16f3115f1dfa081"},
    {file = "scikit_learn-1.0.2-cp37-cp37m-linux_armv7l.whl", hash = "sha256:40933c9de93a98c046a2d8d4207ac65c9bc0ab354e7e637ab16f3115f1dfa081"},
    {file = "scikit_learn-1.0.2-cp39-cp39-linux_armv6l.whl", hash = "sha256:dfe7c1124a5898afa2825b49c2ef8d929a5bdbcc66367e6c17932e2ec8b601d4"},
    {file = "scikit_learn-1.0.2-cp39-cp39-linux_armv7l.whl", hash = "sha256:dfe7c1124a5898afa2825b49c2ef8d929a5bdbcc66367e6c17932e2ec8b601d4"},
]

[package.dependencies]
joblib = ">=0.11"
numpy = ">=1.14.6"
scipy = ">=1.1.0"
threadpoolctl = ">=2.0.0"

[package.extras]
benchmark = ["matplotlib (>=2.2.3)", "memory-profiler (>=0.57.0)", "pandas (>=0.25.0)"]
docs = ["Pillow (>=7.1.2)", "matplotlib (>=2.2.3)", "memory-profiler (>=0.57.0)", "numpydoc (>=1.0.0)", "pandas (>=0.25.0)", "scikit-image (>=0.14.5)", "seaborn (>=0.9.0)", "sphinx (>=4.0.1)", "sphinx-gallery (>=0.7.0)", "sphinx-prompt (>=1.3.0)", "sphinxext-opengraph (>=0.4.2)"]
examples = ["matplotlib (>=2.2.3)", "pandas (>=0.25.0)", "scikit-image (>=0.14.5)", "seaborn (>=0.9.0)"]
tests = ["black (>=21.6b0)", "flake8 (>=3.8.2)", "matplotlib (>=2.2.3)", "mypy (>=0.770)", "pandas (>=0.25.0)", "pyamg (>=4.0.0)", "pytest (>=5.0.1)", "pytest-cov (>=2.9.0)", "scikit-image (>=0.14.5)"]

[package.source]
type = "legacy"
url = "https://piwheels.org/simple"
reference = "piwheels"

[[package]]
name = "scipy"
version = "1.7.3"
description = "SciPy: Scientific Library for Python"
optional = false
python-versions = ">=3.7,<3.11"
files = [
    {file = "scipy-1.7.3-cp37-cp37m-linux_armv6l.whl", hash = "sha256:2fec5b97046d51212017a3246996fb3bc99fe3225949e3b6e1dbb1e1be0eb57c"},
    {file = "scipy-1.7.3-cp37-cp37m-linux_armv7l.whl", hash = "sha256:2fec5b97046d51212017a3246996fb3bc99fe3225949e3b6e1dbb1e1be0eb57c"},
    {file = "scipy-1.7.3-cp39-cp39-linux_armv6l.whl", hash = "sha256:a128bd9d674bb0565b200b906d20a452dfd2b52cac044b21103f580170525154"},
    {file = "scipy-1.7.3-cp39-cp39-linux_armv7l.whl", hash = "sha256:a128bd9d674bb0565b200b906d20a452dfd2b52cac044b21103f580170525154"},
]

[package.dependencies]
numpy = ">=1.16.5,<1.23.0"

[package.source]
type = "legacy"
url = "https://piwheels.org/simple"
reference = "piwheels"

[[package]]
name = "setuptools"
version = "68.0.0"
description = "Easily download, build, install, upgrade, and uninstall Python packages"
optional = false
python-versions = ">=3.7"
files = [
    {file = "setuptools-68.0.0-py3-none-any.whl", hash = "sha256:8c01015dfe356dcf94962ba8c870437b79e7c7b439cc8706190f0fc1d7595ec1"},
]

[package.extras]
docs = ["furo", "jaraco.packaging (>=9)", "jaraco.tidelift (>=1.4)", "pygments-github-lexers (==0.0.5)", "rst.linker (>=1.9)", "sphinx (>=3.5)", "sphinx-favicon", "sphinx-hoverxref (<2)", "sphinx-inline-tabs", "sphinx-lint", "sphinx-notfound-page (==0.8.3)", "sphinx-reredirects", "sphinxcontrib-towncrier"]
testing = ["build[virtualenv]", "filelock (>=3.4.0)", "flake8-2020", "ini2toml[lite] (>=0.9)", "jaraco.envs (>=2.2)", "jaraco.path (>=3.2.0)", "pip (>=19.1)", "pip-run (>=8.8)", "pytest (>=6)", "pytest-black (>=0.3.7)", "pytest-checkdocs (>=2.4)", "pytest-cov", "pytest-enabler (>=1.3)", "pytest-mypy (>=0.9.1)", "pytest-perf", "pytest-ruff", "pytest-timeout", "pytest-xdist", "tomli-w (>=1.0.0)", "virtualenv (>=13.0.0)", "wheel"]
testing-integration = ["build[virtualenv]", "filelock (>=3.4.0)", "jaraco.envs (>=2.2)", "jaraco.path (>=3.2.0)", "pytest", "pytest-enabler", "pytest-xdist", "tomli", "virtualenv (>=13.0.0)", "wheel"]

[package.source]
type = "legacy"
url = "https://piwheels.org/simple"
reference = "piwheels"

[[package]]
name = "soundfile"
version = "0.12.1"
description = "An audio library based on libsndfile, CFFI and NumPy"
optional = false
python-versions = "*"
files = [
    {file = "soundfile-0.12.1-py2.py3-none-manylinux_2_31_x86_64.whl", hash = "sha256:4d9e3b35ea2303d6589e0f47396268e6133a1e38cf7cb79312c1ffbd837cf90d"},
]

[package.dependencies]
cffi = ">=1.0"

[package.extras]
numpy = ["numpy"]

[package.source]
type = "legacy"
url = "https://piwheels.org/simple"
reference = "piwheels"

[[package]]
name = "threadpoolctl"
version = "3.1.0"
description = "threadpoolctl"
optional = false
python-versions = ">=3.6"
files = [
    {file = "threadpoolctl-3.1.0-py3-none-any.whl", hash = "sha256:fa64df69de1ad084aa9c115df683849a731553a5652540552f40d99b84a4c492"},
]

[package.source]
type = "legacy"
url = "https://piwheels.org/simple"
reference = "piwheels"

[[package]]
name = "tomli"
version = "2.0.1"
description = "A lil' TOML parser"
optional = false
python-versions = ">=3.7"
files = [
    {file = "tomli-2.0.1-py3-none-any.whl", hash = "sha256:939de3e7a6161af0c887ef91b7d41a53e7c5a1ca976325f429cb46ea9bc30ecc"},
]

[package.source]
type = "legacy"
url = "https://piwheels.org/simple"
reference = "piwheels"

[[package]]
name = "typed-ast"
version = "1.5.5"
description = "a fork of Python 2 and 3 ast modules with type comment support"
optional = false
python-versions = ">=3.6"
files = [
    {file = "typed_ast-1.5.5-cp37-cp37m-linux_armv6l.whl", hash = "sha256:45e21626ae6f85d9772b8c3413e75999e0c7ab43900b013c861a8da21dd1d6a3"},
    {file = "typed_ast-1.5.5-cp37-cp37m-linux_armv7l.whl", hash = "sha256:45e21626ae6f85d9772b8c3413e75999e0c7ab43900b013c861a8da21dd1d6a3"},
    {file = "typed_ast-1.5.5-cp39-cp39-linux_armv6l.whl", hash = "sha256:62cc3c2463efd5d4d28f954114c1029103db7791d4ec83341f35350e02e72190"},
    {file = "typed_ast-1.5.5-cp39-cp39-linux_armv7l.whl", hash = "sha256:62cc3c2463efd5d4d28f954114c1029103db7791d4ec83341f35350e02e72190"},
]

[package.source]
type = "legacy"
url = "https://piwheels.org/simple"
reference = "piwheels"

[[package]]
name = "typing-extensions"
version = "4.7.1"
description = "Backported and Experimental Type Hints for Python 3.7+"
optional = false
python-versions = ">=3.7"
files = [
    {file = "typing_extensions-4.7.1-py3-none-any.whl", hash = "sha256:cabd4dcc82c306fe7dc7f141b7b8b83999c16f80701079e8a2431d05070580b9"},
]

[package.source]
type = "legacy"
url = "https://piwheels.org/simple"
reference = "piwheels"

[[package]]
name = "urllib3"
version = "2.0.7"
description = "HTTP library with thread-safe connection pooling, file post, and more."
optional = false
python-versions = ">=3.7"
files = [
    {file = "urllib3-2.0.7-py3-none-any.whl", hash = "sha256:569a2c93ac2791db5f1e10ca665db55661f9727a47e9f95385ea840d06baac85"},
]

[package.extras]
brotli = ["brotli (>=1.0.9)", "brotlicffi (>=0.8.0)"]
secure = ["certifi", "cryptography (>=1.9)", "idna (>=2.0.0)", "pyopenssl (>=17.1.0)", "urllib3-secure-extra"]
socks = ["pysocks (>=1.5.6,!=1.5.7,<2.0)"]
zstd = ["zstandard (>=0.18.0)"]

[package.source]
type = "legacy"
url = "https://piwheels.org/simple"
reference = "piwheels"

[[package]]
name = "zipp"
version = "3.15.0"
description = "Backport of pathlib-compatible object wrapper for zip files"
optional = false
python-versions = ">=3.7"
files = [
    {file = "zipp-3.15.0-py3-none-any.whl", hash = "sha256:3ee3c5a49d3e276dcf8e83f5f11e93dab67f20b843e7ab2dee428c857d11b3b3"},
]

[package.extras]
docs = ["furo", "jaraco.packaging (>=9)", "jaraco.tidelift (>=1.4)", "rst.linker (>=1.9)", "sphinx (>=3.5)", "sphinx-lint"]
testing = ["big-O", "flake8 (<5)", "jaraco.functools", "jaraco.itertools", "more-itertools", "pytest (>=6)", "pytest-black (>=0.3.7)", "pytest-checkdocs (>=2.4)", "pytest-cov", "pytest-enabler (>=1.3)", "pytest-flake8", "pytest-mypy (>=0.9.1)"]

[package.source]
type = "legacy"
url = "https://piwheels.org/simple"
reference = "piwheels"

[metadata]
lock-version = "2.0"
python-versions = ">=3.7,<3.8"
content-hash = "6f61289b0d11712d570c0ce17660570cd58a54fd41a8b0bc0470ad6055206f86"
