[[package]]
name = "appdirs"
version = "1.4.4"
description = "A small Python module for determining appropriate platform-specific dirs, e.g. a \"user data dir\"."
category = "main"
optional = false
python-versions = "*"

[package.source]
type = "legacy"
url = "https://piwheels.org/simple"
reference = "piwheels"

[[package]]
name = "audioread"
version = "3.0.0"
description = "multi-library, cross-platform audio decoding"
category = "main"
optional = false
python-versions = ">=3.6"

[package.source]
type = "legacy"
url = "https://piwheels.org/simple"
reference = "piwheels"

[[package]]
name = "black"
version = "22.10.0"
description = "The uncompromising code formatter."
category = "dev"
optional = false
python-versions = ">=3.7"

[package.dependencies]
click = ">=8.0.0"
mypy-extensions = ">=0.4.3"
pathspec = ">=0.9.0"
platformdirs = ">=2"
tomli = {version = ">=1.1.0", markers = "python_full_version < \"3.11.0a7\""}
typed-ast = {version = ">=1.4.2", markers = "python_version < \"3.8\" and implementation_name == \"cpython\""}
typing-extensions = {version = ">=3.10.0.0", markers = "python_version < \"3.10\""}

[package.extras]
colorama = ["colorama (>=0.4.3)"]
d = ["aiohttp (>=3.7.4)"]
jupyter = ["ipython (>=7.8.0)", "tokenize-rt (>=3.2.0)"]
uvloop = ["uvloop (>=0.15.2)"]

[[package]]
name = "certifi"
version = "2022.9.24"
description = "Python package for providing Mozilla's CA Bundle."
category = "main"
optional = false
python-versions = ">=3.6"

[package.source]
type = "legacy"
url = "https://piwheels.org/simple"
reference = "piwheels"

[[package]]
name = "cffi"
version = "1.15.1"
description = "Foreign Function Interface for Python calling C code."
category = "main"
optional = false
python-versions = "*"

[package.dependencies]
pycparser = "*"

[package.source]
type = "legacy"
url = "https://piwheels.org/simple"
reference = "piwheels"

[[package]]
name = "charset-normalizer"
version = "2.1.1"
description = "The Real First Universal Charset Detector. Open, modern and actively maintained alternative to Chardet."
category = "main"
optional = false
python-versions = ">=3.6.0"

[package.extras]
unicode_backport = ["unicodedata2"]

[package.source]
type = "legacy"
url = "https://piwheels.org/simple"
reference = "piwheels"

[[package]]
name = "click"
version = "8.1.3"
description = "Composable command line interface toolkit"
category = "dev"
optional = false
python-versions = ">=3.7"

[package.dependencies]
colorama = {version = "*", markers = "platform_system == \"Windows\""}
importlib-metadata = {version = "*", markers = "python_version < \"3.8\""}

[package.source]
type = "legacy"
url = "https://piwheels.org/simple"
reference = "piwheels"

[[package]]
name = "colorama"
version = "0.4.5"
description = "Cross-platform colored terminal text."
category = "main"
optional = false
python-versions = ">=2.7, !=3.0.*, !=3.1.*, !=3.2.*, !=3.3.*, !=3.4.*"

[package.source]
type = "legacy"
url = "https://piwheels.org/simple"
reference = "piwheels"

[[package]]
name = "decorator"
version = "5.1.1"
description = "Decorators for Humans"
category = "main"
optional = false
python-versions = ">=3.5"

[package.source]
type = "legacy"
url = "https://piwheels.org/simple"
reference = "piwheels"

[[package]]
name = "idna"
version = "3.4"
description = "Internationalized Domain Names in Applications (IDNA)"
category = "main"
optional = false
python-versions = ">=3.5"

[package.source]
type = "legacy"
url = "https://piwheels.org/simple"
reference = "piwheels"

[[package]]
name = "importlib-metadata"
version = "5.0.0"
description = "Read metadata from Python packages"
category = "dev"
optional = false
python-versions = ">=3.7"

[package.dependencies]
typing-extensions = {version = ">=3.6.4", markers = "python_version < \"3.8\""}
zipp = ">=0.5"

[package.extras]
docs = ["sphinx (>=3.5)", "jaraco.packaging (>=9)", "rst.linker (>=1.9)", "furo", "jaraco.tidelift (>=1.4)"]
perf = ["ipython"]
testing = ["pytest (>=6)", "pytest-checkdocs (>=2.4)", "pytest-flake8", "flake8 (<5)", "pytest-cov", "pytest-enabler (>=1.3)", "packaging", "pyfakefs", "flufl.flake8", "pytest-perf (>=0.9.2)", "pytest-black (>=0.3.7)", "pytest-mypy (>=0.9.1)", "importlib-resources (>=1.3)"]

[package.source]
type = "legacy"
url = "https://piwheels.org/simple"
reference = "piwheels"

[[package]]
name = "joblib"
version = "1.2.0"
description = "Lightweight pipelining with Python functions"
category = "main"
optional = false
python-versions = ">=3.7"

[package.source]
type = "legacy"
url = "https://piwheels.org/simple"
reference = "piwheels"

[[package]]
name = "librosa"
version = "0.8.1"
description = "Python module for audio and music processing"
category = "main"
optional = false
python-versions = ">=3.6"

[package.dependencies]
audioread = ">=2.0.0"
decorator = ">=3.0.0"
joblib = ">=0.14"
numba = ">=0.43.0"
numpy = ">=1.15.0"
packaging = ">=20.0"
pooch = ">=1.0"
resampy = ">=0.2.2"
scikit-learn = ">=0.14.0,<0.19.0 || >0.19.0"
scipy = ">=1.0.0"
soundfile = ">=0.10.2"

[package.extras]
display = ["matplotlib (>=1.5)"]
docs = ["numpydoc", "sphinx (!=1.3.1)", "sphinx-rtd-theme (>=0.5.0,<0.6.0)", "numba (<0.50)", "matplotlib (>=2.0.0,<3.3)", "sphinx-multiversion (>=0.2.3)", "sphinx-gallery (>=0.7)", "spinxcontrib-svg2pdfconverter", "presets"]
tests = ["matplotlib (>=3.0)", "pytest-mpl", "pytest-cov", "pytest", "contextlib2", "samplerate", "soxr"]

[package.source]
type = "legacy"
url = "https://piwheels.org/simple"
reference = "piwheels"

[[package]]
name = "llvmlite"
version = "0.37.0"
description = "lightweight wrapper around basic LLVM functionality"
category = "main"
optional = false
python-versions = ">=3.7,<3.10"

[package.source]
type = "file"
url = "llvmlite-0.37.0-cp37-cp37m-linux_armv7l.whl"

[[package]]
name = "logzero"
version = "1.7.0"
description = "Robust and effective logging for Python 2 and 3"
category = "main"
optional = false
python-versions = "*"

[package.dependencies]
colorama = {version = "*", markers = "sys_platform == \"win32\""}

[package.source]
type = "legacy"
url = "https://piwheels.org/simple"
reference = "piwheels"

[[package]]
name = "mypy-extensions"
version = "0.4.3"
description = "Experimental type system extensions for programs checked with the mypy typechecker."
category = "dev"
optional = false
python-versions = "*"

[package.source]
type = "legacy"
url = "https://piwheels.org/simple"
reference = "piwheels"

[[package]]
name = "numba"
version = "0.54.1"
description = "compiling Python code using LLVM"
category = "main"
optional = false
python-versions = ">=3.7,<3.10"

[package.dependencies]
llvmlite = ">=0.37.0rc1,<0.38"
numpy = ">=1.17,<1.21"

[package.source]
type = "legacy"
url = "https://piwheels.org/simple"
reference = "piwheels"

[[package]]
name = "numpy"
version = "1.20.3"
description = "NumPy is the fundamental package for array computing with Python."
category = "main"
optional = false
python-versions = ">=3.7"

[package.source]
type = "legacy"
url = "https://piwheels.org/simple"
reference = "piwheels"

[[package]]
name = "packaging"
version = "21.3"
description = "Core utilities for Python packages"
category = "main"
optional = false
python-versions = ">=3.6"

[package.dependencies]
pyparsing = ">=2.0.2,<3.0.5 || >3.0.5"

[package.source]
type = "legacy"
url = "https://piwheels.org/simple"
reference = "piwheels"

[[package]]
name = "pathspec"
version = "0.10.1"
description = "Utility library for gitignore style pattern matching of file paths."
category = "dev"
optional = false
python-versions = ">=3.7"

[package.source]
type = "legacy"
url = "https://piwheels.org/simple"
reference = "piwheels"

[[package]]
name = "platformdirs"
version = "2.5.2"
description = "A small Python module for determining appropriate platform-specific dirs, e.g. a \"user data dir\"."
category = "dev"
optional = false
python-versions = ">=3.7"

[package.extras]
docs = ["furo (>=2021.7.5b38)", "proselint (>=0.10.2)", "sphinx-autodoc-typehints (>=1.12)", "sphinx (>=4)"]
test = ["appdirs (==1.4.4)", "pytest-cov (>=2.7)", "pytest-mock (>=3.6)", "pytest (>=6)"]

[package.source]
type = "legacy"
url = "https://piwheels.org/simple"
reference = "piwheels"

[[package]]
name = "pooch"
version = "1.6.0"
description = "\"Pooch manages your Python library's sample data files: it automatically downloads and stores them in a local directory, with support for versioning and corruption checks.\""
category = "main"
optional = false
python-versions = ">=3.6"

[package.dependencies]
appdirs = ">=1.3.0"
packaging = ">=20.0"
requests = ">=2.19.0"

[package.extras]
progress = ["tqdm (>=4.41.0,<5.0.0)"]
sftp = ["paramiko (>=2.7.0)"]
xxhash = ["xxhash (>=1.4.3)"]

[package.source]
type = "legacy"
url = "https://piwheels.org/simple"
reference = "piwheels"

[[package]]
name = "pyalsaaudio"
version = "0.9.2"
description = "ALSA bindings"
category = "main"
optional = false
python-versions = "*"

[package.source]
type = "legacy"
url = "https://piwheels.org/simple"
reference = "piwheels"

[[package]]
name = "pycparser"
version = "2.21"
description = "C parser in Python"
category = "main"
optional = false
python-versions = ">=2.7, !=3.0.*, !=3.1.*, !=3.2.*, !=3.3.*"

[package.source]
type = "legacy"
url = "https://piwheels.org/simple"
reference = "piwheels"

[[package]]
name = "pyparsing"
version = "3.0.9"
description = "pyparsing module - Classes and methods to define and execute parsing grammars"
category = "main"
optional = false
python-versions = ">=3.6.8"

[package.extras]
diagrams = ["railroad-diagrams", "jinja2"]

[package.source]
type = "legacy"
url = "https://piwheels.org/simple"
reference = "piwheels"

[[package]]
name = "requests"
version = "2.28.1"
description = "Python HTTP for Humans."
category = "main"
optional = false
python-versions = ">=3.7, <4"

[package.dependencies]
certifi = ">=2017.4.17"
charset-normalizer = ">=2,<3"
idna = ">=2.5,<4"
urllib3 = ">=1.21.1,<1.27"

[package.extras]
socks = ["PySocks (>=1.5.6,!=1.5.7)"]
use_chardet_on_py3 = ["chardet (>=3.0.2,<6)"]

[package.source]
type = "legacy"
url = "https://piwheels.org/simple"
reference = "piwheels"

[[package]]
name = "resampy"
version = "0.4.2"
description = "Efficient signal resampling"
category = "main"
optional = false
python-versions = "*"

[package.dependencies]
numba = ">=0.53"
numpy = ">=1.17"

[package.extras]
design = ["optuna (>=2.10.0)"]
docs = ["numpydoc", "sphinx (!=1.3.1)"]
tests = ["pytest (<8)", "pytest-cov", "scipy (>=1.0)"]

[package.source]
type = "legacy"
url = "https://piwheels.org/simple"
reference = "piwheels"

[[package]]
name = "rpi-ws281x"
version = "4.3.4"
description = "Userspace Raspberry Pi PWM/PCM/SPI library for SK6812 and WS281X LEDs."
category = "main"
optional = false
python-versions = "*"

[package.source]
type = "legacy"
url = "https://piwheels.org/simple"
reference = "piwheels"

[[package]]
name = "scikit-learn"
version = "1.0.2"
description = "A set of python modules for machine learning and data mining"
category = "main"
optional = false
python-versions = ">=3.7"

[package.dependencies]
joblib = ">=0.11"
numpy = ">=1.14.6"
scipy = ">=1.1.0"
threadpoolctl = ">=2.0.0"

[package.extras]
benchmark = ["matplotlib (>=2.2.3)", "pandas (>=0.25.0)", "memory-profiler (>=0.57.0)"]
docs = ["matplotlib (>=2.2.3)", "scikit-image (>=0.14.5)", "pandas (>=0.25.0)", "seaborn (>=0.9.0)", "memory-profiler (>=0.57.0)", "sphinx (>=4.0.1)", "sphinx-gallery (>=0.7.0)", "numpydoc (>=1.0.0)", "Pillow (>=7.1.2)", "sphinx-prompt (>=1.3.0)", "sphinxext-opengraph (>=0.4.2)"]
examples = ["matplotlib (>=2.2.3)", "scikit-image (>=0.14.5)", "pandas (>=0.25.0)", "seaborn (>=0.9.0)"]
tests = ["matplotlib (>=2.2.3)", "scikit-image (>=0.14.5)", "pandas (>=0.25.0)", "pytest (>=5.0.1)", "pytest-cov (>=2.9.0)", "flake8 (>=3.8.2)", "black (>=21.6b0)", "mypy (>=0.770)", "pyamg (>=4.0.0)"]

[package.source]
type = "legacy"
url = "https://piwheels.org/simple"
reference = "piwheels"

[[package]]
name = "scipy"
version = "1.7.3"
description = "SciPy: Scientific Library for Python"
category = "main"
optional = false
python-versions = ">=3.7,<3.11"

[package.dependencies]
numpy = ">=1.16.5,<1.23.0"

[package.source]
type = "legacy"
url = "https://piwheels.org/simple"
reference = "piwheels"

[[package]]
name = "soundfile"
version = "0.11.0"
description = "An audio library based on libsndfile, CFFI and NumPy"
category = "main"
optional = false
python-versions = "*"

[package.dependencies]
cffi = ">=1.0"

[package.extras]
numpy = ["numpy"]

[package.source]
type = "legacy"
url = "https://piwheels.org/simple"
reference = "piwheels"

[[package]]
name = "threadpoolctl"
version = "3.1.0"
description = "threadpoolctl"
category = "main"
optional = false
python-versions = ">=3.6"

[package.source]
type = "legacy"
url = "https://piwheels.org/simple"
reference = "piwheels"

[[package]]
name = "tomli"
version = "2.0.1"
description = "A lil' TOML parser"
category = "dev"
optional = false
python-versions = ">=3.7"

[package.source]
type = "legacy"
url = "https://piwheels.org/simple"
reference = "piwheels"

[[package]]
name = "typed-ast"
version = "1.5.4"
description = "a fork of Python 2 and 3 ast modules with type comment support"
category = "dev"
optional = false
python-versions = ">=3.6"

[package.source]
type = "legacy"
url = "https://piwheels.org/simple"
reference = "piwheels"

[[package]]
name = "typing-extensions"
version = "4.4.0"
description = "Backported and Experimental Type Hints for Python 3.7+"
category = "dev"
optional = false
python-versions = ">=3.7"

[package.source]
type = "legacy"
url = "https://piwheels.org/simple"
reference = "piwheels"

[[package]]
name = "urllib3"
version = "1.26.12"
description = "HTTP library with thread-safe connection pooling, file post, and more."
category = "main"
optional = false
python-versions = ">=2.7, !=3.0.*, !=3.1.*, !=3.2.*, !=3.3.*, !=3.4.*, !=3.5.*, <4"

[package.extras]
brotli = ["brotlicffi (>=0.8.0)", "brotli (>=1.0.9)", "brotlipy (>=0.6.0)"]
secure = ["pyOpenSSL (>=0.14)", "cryptography (>=1.3.4)", "idna (>=2.0.0)", "certifi", "urllib3-secure-extra", "ipaddress"]
socks = ["PySocks (>=1.5.6,!=1.5.7,<2.0)"]

[package.source]
type = "legacy"
url = "https://piwheels.org/simple"
reference = "piwheels"

[[package]]
name = "zipp"
version = "3.9.0"
description = "Backport of pathlib-compatible object wrapper for zip files"
category = "dev"
optional = false
python-versions = ">=3.7"

[package.extras]
docs = ["sphinx (>=3.5)", "jaraco.packaging (>=9)", "rst.linker (>=1.9)", "furo", "jaraco.tidelift (>=1.4)"]
testing = ["pytest (>=6)", "pytest-checkdocs (>=2.4)", "pytest-flake8", "flake8 (<5)", "pytest-cov", "pytest-enabler (>=1.3)", "jaraco.itertools", "func-timeout", "jaraco.functools", "more-itertools", "pytest-black (>=0.3.7)", "pytest-mypy (>=0.9.1)"]

[package.source]
type = "legacy"
url = "https://piwheels.org/simple"
reference = "piwheels"

[metadata]
lock-version = "1.1"
python-versions = ">=3.7,<3.8"
content-hash = "2a3a42cf6926dbcfaa2c141b638c1943709562f1f6fb28076ca7b18fa77664a0"

[metadata.files]
appdirs = [
    {file = "appdirs-1.4.4-py2.py3-none-any.whl", hash = "sha256:a841dacd6b99318a741b166adb07e19ee71a274450e68237b4650ca1055ab128"},
]
audioread = [
    {file = "audioread-3.0.0-py3-none-any.whl", hash = "sha256:0bb1173753d2537147274c667b4050c4c279720efab68634d5a28dcc65350a65"},
]
black = []
certifi = [
    {file = "certifi-2022.9.24-py3-none-any.whl", hash = "sha256:70fa284520b2a9be47502025d8a755e6bdb06327baaa9097fe59759c236ade4b"},
]
cffi = [
    {file = "cffi-1.15.1-cp35-cp35m-linux_armv6l.whl", hash = "sha256:6121721a6976cbf2fc4d2807fded73d92917c911bbc8ba2c7310321d7b760230"},
    {file = "cffi-1.15.1-cp35-cp35m-linux_armv7l.whl", hash = "sha256:6121721a6976cbf2fc4d2807fded73d92917c911bbc8ba2c7310321d7b760230"},
    {file = "cffi-1.15.1-cp37-cp37m-linux_armv6l.whl", hash = "sha256:bf9242179d15bac1bf6d9b03d83d058019b3f6bca8c08ad699de315e5fbfa6d3"},
    {file = "cffi-1.15.1-cp37-cp37m-linux_armv7l.whl", hash = "sha256:bf9242179d15bac1bf6d9b03d83d058019b3f6bca8c08ad699de315e5fbfa6d3"},
    {file = "cffi-1.15.1-cp39-cp39-linux_armv6l.whl", hash = "sha256:a1e3a74910df7f5e703e5b0009d411171b808e45f4826fac0568fdab1a154185"},
    {file = "cffi-1.15.1-cp39-cp39-linux_armv7l.whl", hash = "sha256:a1e3a74910df7f5e703e5b0009d411171b808e45f4826fac0568fdab1a154185"},
]
charset-normalizer = [
    {file = "charset_normalizer-2.1.1-py3-none-any.whl", hash = "sha256:9ff357cacd4163b3a6aa343bc166533cd0cf173323b885b7ea2094a7fa1cec24"},
]
click = [
    {file = "click-8.1.3-py3-none-any.whl", hash = "sha256:0fbcde147794ed8e320fe5cfe2155cf6fcb76c1249ae7292a4c07d25de6825fe"},
]
colorama = [
    {file = "colorama-0.4.5-py2.py3-none-any.whl", hash = "sha256:2e3098fdcfc0107a135ba8bae5ddb6224bbb7fb7026db2d1b066d5af8bcca063"},
]
decorator = [
    {file = "decorator-5.1.1-py3-none-any.whl", hash = "sha256:6f519e77644a392d3054e528ba8db527df4246be581d4d43b14f0aacace79cbd"},
]
idna = [
    {file = "idna-3.4-py3-none-any.whl", hash = "sha256:bcac1132a4eadea8321490704e2349b752e29c6ec2f1c27d372010e76ebd3fa1"},
]
importlib-metadata = [
    {file = "importlib_metadata-5.0.0-py3-none-any.whl", hash = "sha256:aa723d7bbfda2a91287c72a6e19f286b594a53aa12fe583ec76243460f482289"},
]
joblib = [
    {file = "joblib-1.2.0-py3-none-any.whl", hash = "sha256:9b9301f59207230013000f98849be857733dcbde00aff54780d96753980ab7d6"},
]
librosa = [
    {file = "librosa-0.8.1-py3-none-any.whl", hash = "sha256:fd381e2d7067d4d4cf7691f2ef3620ef62a8aa6445dcf407e3328254692f742a"},
]
llvmlite = [
    {file = "llvmlite-0.37.0-cp37-cp37m-linux_armv7l.whl", hash = "sha256:94a666d394e0bff8421d46501f871ade534b60290505eb3d29caeb5c08139588"},
]
logzero = [
    {file = "logzero-1.7.0-py2.py3-none-any.whl", hash = "sha256:23eb1f717a2736f9ab91ca0d43160fd2c996ad49ae6bad34652d47aba908769d"},
]
mypy-extensions = [
    {file = "mypy_extensions-0.4.3-py2.py3-none-any.whl", hash = "sha256:090fedd75945a69ae91ce1303b5824f428daf5a028d2f6ab8a299250a846f15d"},
]
numba = [
    {file = "numba-0.54.1-cp37-cp37m-linux_armv6l.whl", hash = "sha256:4f0a7ac70fd36c92cfb6c443eda77127f726d8f4a3c1de0c827ba98cf4610f30"},
    {file = "numba-0.54.1-cp37-cp37m-linux_armv7l.whl", hash = "sha256:4f0a7ac70fd36c92cfb6c443eda77127f726d8f4a3c1de0c827ba98cf4610f30"},
    {file = "numba-0.54.1-cp39-cp39-linux_armv6l.whl", hash = "sha256:df0ffae0171ad746ad836000c4e5bca5fc3365dca19e0fed855b0a4ce00ab924"},
    {file = "numba-0.54.1-cp39-cp39-linux_armv7l.whl", hash = "sha256:df0ffae0171ad746ad836000c4e5bca5fc3365dca19e0fed855b0a4ce00ab924"},
]
numpy = [
    {file = "numpy-1.20.3-cp37-cp37m-linux_armv6l.whl", hash = "sha256:d840d80623c96696fab0d15489f49425bec1c0f47f3bf0b3362ce0c75dbad993"},
    {file = "numpy-1.20.3-cp37-cp37m-linux_armv7l.whl", hash = "sha256:d840d80623c96696fab0d15489f49425bec1c0f47f3bf0b3362ce0c75dbad993"},
    {file = "numpy-1.20.3-cp39-cp39-linux_armv6l.whl", hash = "sha256:4c020adbaa398721cd5e30c5aab52b505efcd35c3b0156e800245c1274c96962"},
    {file = "numpy-1.20.3-cp39-cp39-linux_armv7l.whl", hash = "sha256:4c020adbaa398721cd5e30c5aab52b505efcd35c3b0156e800245c1274c96962"},
]
packaging = [
    {file = "packaging-21.3-py3-none-any.whl", hash = "sha256:36bb3108f8e33f88e52e7985b4068e2585b67e5b7b3a0fa2817f9852bc39d2ef"},
]
pathspec = [
    {file = "pathspec-0.10.1-py3-none-any.whl", hash = "sha256:923f9b38056a262be9fca1a5987244dca06729bf6d78d5b14409757ed472c55a"},
]
platformdirs = [
    {file = "platformdirs-2.5.2-py3-none-any.whl", hash = "sha256:027d8e83a2d7de06bbac4e5ef7e023c02b863d7ea5d079477e722bb41ab25788"},
]
pooch = [
    {file = "pooch-1.6.0-py3-none-any.whl", hash = "sha256:1ba9ebb51d81a6ce44b650b1ad0716cbbd0fa412ae0174c23f6f6b6899325799"},
]
pyalsaaudio = [
    {file = "pyalsaaudio-0.9.2-cp35-cp35m-linux_armv6l.whl", hash = "sha256:88f421a5687c442b3c30f6a0e40cbacb36f394e470f8b2dc4b9f5f608e02e3b7"},
    {file = "pyalsaaudio-0.9.2-cp35-cp35m-linux_armv7l.whl", hash = "sha256:88f421a5687c442b3c30f6a0e40cbacb36f394e470f8b2dc4b9f5f608e02e3b7"},
    {file = "pyalsaaudio-0.9.2-cp37-cp37m-linux_armv6l.whl", hash = "sha256:f853d3a8f308ec119d5a7153cbd3980233ff5205275fb69b5c3874e0e8f34bf7"},
    {file = "pyalsaaudio-0.9.2-cp37-cp37m-linux_armv7l.whl", hash = "sha256:f853d3a8f308ec119d5a7153cbd3980233ff5205275fb69b5c3874e0e8f34bf7"},
    {file = "pyalsaaudio-0.9.2-cp39-cp39-linux_armv6l.whl", hash = "sha256:58a39d04c0ebbd88ada87cb4a7252cb688aefcb5e80a1fb0aa453511f7eae1c0"},
    {file = "pyalsaaudio-0.9.2-cp39-cp39-linux_armv7l.whl", hash = "sha256:58a39d04c0ebbd88ada87cb4a7252cb688aefcb5e80a1fb0aa453511f7eae1c0"},
]
pycparser = [
    {file = "pycparser-2.21-py2.py3-none-any.whl", hash = "sha256:ab326306c89cc646bc81ba2337c513f967faf2b3457985e1c63180adf1ada044"},
]
pyparsing = [
    {file = "pyparsing-3.0.9-py3-none-any.whl", hash = "sha256:94fac81ddf92f0bdf3bb33c1c3e6d0181caa204a578184dd02778870ccf307c5"},
]
requests = [
    {file = "requests-2.28.1-py3-none-any.whl", hash = "sha256:f598c2ccf6521aa5a214a537caf4aa57d359d0a9040a62f9e23f1d973512c0b8"},
]
resampy = [
    {file = "resampy-0.4.2-py3-none-any.whl", hash = "sha256:d2d3ea2bc96e6a497f2e08651bfe19c663e59d268985e0ac3340ffc39138a5d8"},
]
rpi-ws281x = [
    {file = "rpi_ws281x-4.3.4-cp35-cp35m-linux_armv6l.whl", hash = "sha256:439c518548554bddc40323f11509d34ae6cdc5f21516c6d5f770c48d1d5683ec"},
    {file = "rpi_ws281x-4.3.4-cp35-cp35m-linux_armv7l.whl", hash = "sha256:439c518548554bddc40323f11509d34ae6cdc5f21516c6d5f770c48d1d5683ec"},
    {file = "rpi_ws281x-4.3.4-cp37-cp37m-linux_armv6l.whl", hash = "sha256:bf71750f5aaf253bdda7ca4d3ed71208827806668801c419f40d4c08a3afd283"},
    {file = "rpi_ws281x-4.3.4-cp37-cp37m-linux_armv7l.whl", hash = "sha256:bf71750f5aaf253bdda7ca4d3ed71208827806668801c419f40d4c08a3afd283"},
    {file = "rpi_ws281x-4.3.4-cp39-cp39-linux_armv6l.whl", hash = "sha256:bdabb32c1d2112d826547a57702a6fc81209dad98d00ef52378f5d7f8820bbfb"},
    {file = "rpi_ws281x-4.3.4-cp39-cp39-linux_armv7l.whl", hash = "sha256:bdabb32c1d2112d826547a57702a6fc81209dad98d00ef52378f5d7f8820bbfb"},
]
scikit-learn = [
    {file = "scikit_learn-1.0.2-cp37-cp37m-linux_armv6l.whl", hash = "sha256:40933c9de93a98c046a2d8d4207ac65c9bc0ab354e7e637ab16f3115f1dfa081"},
    {file = "scikit_learn-1.0.2-cp37-cp37m-linux_armv7l.whl", hash = "sha256:40933c9de93a98c046a2d8d4207ac65c9bc0ab354e7e637ab16f3115f1dfa081"},
    {file = "scikit_learn-1.0.2-cp39-cp39-linux_armv6l.whl", hash = "sha256:dfe7c1124a5898afa2825b49c2ef8d929a5bdbcc66367e6c17932e2ec8b601d4"},
    {file = "scikit_learn-1.0.2-cp39-cp39-linux_armv7l.whl", hash = "sha256:dfe7c1124a5898afa2825b49c2ef8d929a5bdbcc66367e6c17932e2ec8b601d4"},
]
scipy = [
    {file = "scipy-1.7.3-cp37-cp37m-linux_armv6l.whl", hash = "sha256:2fec5b97046d51212017a3246996fb3bc99fe3225949e3b6e1dbb1e1be0eb57c"},
    {file = "scipy-1.7.3-cp37-cp37m-linux_armv7l.whl", hash = "sha256:2fec5b97046d51212017a3246996fb3bc99fe3225949e3b6e1dbb1e1be0eb57c"},
    {file = "scipy-1.7.3-cp39-cp39-linux_armv6l.whl", hash = "sha256:a128bd9d674bb0565b200b906d20a452dfd2b52cac044b21103f580170525154"},
    {file = "scipy-1.7.3-cp39-cp39-linux_armv7l.whl", hash = "sha256:a128bd9d674bb0565b200b906d20a452dfd2b52cac044b21103f580170525154"},
]
soundfile = [
    {file = "soundfile-0.11.0-py2.py3-none-any.whl", hash = "sha256:accd507f2a5503705ce0297ca551cfbf077cb8d94b91a1cfd99d03b04221d314"},
]
threadpoolctl = [
    {file = "threadpoolctl-3.1.0-py3-none-any.whl", hash = "sha256:fa64df69de1ad084aa9c115df683849a731553a5652540552f40d99b84a4c492"},
]
tomli = [
    {file = "tomli-2.0.1-py3-none-any.whl", hash = "sha256:939de3e7a6161af0c887ef91b7d41a53e7c5a1ca976325f429cb46ea9bc30ecc"},
]
typed-ast = [
    {file = "typed_ast-1.5.4-cp37-cp37m-linux_armv6l.whl", hash = "sha256:5c2af3ab3ade2e1e6de497ba632264104f2f591c7fdd8a17ae107a0b56126278"},
    {file = "typed_ast-1.5.4-cp37-cp37m-linux_armv7l.whl", hash = "sha256:5c2af3ab3ade2e1e6de497ba632264104f2f591c7fdd8a17ae107a0b56126278"},
    {file = "typed_ast-1.5.4-cp39-cp39-linux_armv6l.whl", hash = "sha256:5a824176c0beca4492bcb9f1b0f0602723cb582872844d86108cc56898fef4f4"},
    {file = "typed_ast-1.5.4-cp39-cp39-linux_armv7l.whl", hash = "sha256:5a824176c0beca4492bcb9f1b0f0602723cb582872844d86108cc56898fef4f4"},
]
typing-extensions = [
    {file = "typing_extensions-4.4.0-py3-none-any.whl", hash = "sha256:979fb485ad436c08d30192f00835e928d3029f13146107787caec5a68c4a6725"},
]
urllib3 = [
    {file = "urllib3-1.26.12-py2.py3-none-any.whl", hash = "sha256:45b4bf2512fa6778e7c89c307a03af193251de4b6ad6ac2705fed3fb19b2ade1"},
]
zipp = [
    {file = "zipp-3.9.0-py3-none-any.whl", hash = "sha256:c9b8d72161333a672814e86d7f11b6034fb52c048263b1e81ce7c212a1592c69"},
]
